
Microsoft Visual Studio Solution File, Format Version 12.00
# Visual Studio Version 17
VisualStudioVersion = 17.2.32519.379
MinimumVisualStudioVersion = 10.0.40219.1
Project("{9A19103F-16F7-4668-BE54-9A1E7A4F7556}") = "AdminLte", "AdminLte\AdminLte.csproj", "{D1B48288-8BFC-4EB8-BED1-A926338143F5}"
EndProject
Project("{FAE04EC0-301F-11D3-BF4B-00C04F79EFBC}") = "AdminLte.Test", "AdminLte.Test\AdminLte.Test.csproj", "{654A65E9-A2A2-42FC-8681-22E71F5F3C02}"
EndProject
Global
	GlobalSection(SolutionConfigurationPlatforms) = preSolution
		Debug|Any CPU = Debug|Any CPU
		Release|Any CPU = Release|Any CPU
	EndGlobalSection
	GlobalSection(ProjectConfigurationPlatforms) = postSolution
		{D1B48288-8BFC-4EB8-BED1-A926338143F5}.Debug|Any CPU.ActiveCfg = Debug|Any CPU
		{D1B48288-8BFC-4EB8-BED1-A926338143F5}.Debug|Any CPU.Build.0 = Debug|Any CPU
		{D1B48288-8BFC-4EB8-BED1-A926338143F5}.Release|Any CPU.ActiveCfg = Release|Any CPU
		{D1B48288-8BFC-4EB8-BED1-A926338143F5}.Release|Any CPU.Build.0 = Release|Any CPU
		{654A65E9-A2A2-42FC-8681-22E71F5F3C02}.Debug|Any CPU.ActiveCfg = Debug|Any CPU
		{654A65E9-A2A2-42FC-8681-22E71F5F3C02}.Debug|Any CPU.Build.0 = Debug|Any CPU
		{654A65E9-A2A2-42FC-8681-22E71F5F3C02}.Release|Any CPU.ActiveCfg = Release|Any CPU
		{654A65E9-A2A2-42FC-8681-22E71F5F3C02}.Release|Any CPU.Build.0 = Release|Any CPU
	EndGlobalSection
	GlobalSection(SolutionProperties) = preSolution
		HideSolutionNode = FALSE
	EndGlobalSection
	GlobalSection(ExtensibilityGlobals) = postSolution
		SolutionGuid = {CBDE7BA0-3F54-4CEA-9206-DC35FAD0D79D}
	EndGlobalSection
EndGlobal
